# This file was autogenerated by Stack.
# You should not edit this file by hand.
# For more information, please see the documentation at:
#   https://docs.haskellstack.org/en/stable/lock_files

packages:
- completed:
    hackage: OpenGLRaw-3.3.4.0@sha256:26685d56510ea0332cd8657c5d035c5b48a743725a512e561365ce072e60d27c,25510
    pantry-tree:
      size: 48782
      sha256: a7fd7cc558224c64bf7051a2027ae8bb517cbb5a79a43c37e3fac01e5f6c2aca
  original:
    hackage: OpenGLRaw-3.3.4.0@sha256:26685d56510ea0332cd8657c5d035c5b48a743725a512e561365ce072e60d27c
- completed:
    hackage: sdl2-2.5.1.0@sha256:83e3fa428294638ed291bc2b0fa5171c6f6d51af99f46c54503ac8f5fde85c90,11303
    pantry-tree:
      size: 6571
      sha256: 65abebe5bacf3830ccff99514c247e8794a314a224c763e498ee9dcbed54b8f2
  original:
    hackage: sdl2-2.5.1.0@sha256:83e3fa428294638ed291bc2b0fa5171c6f6d51af99f46c54503ac8f5fde85c90
- completed:
    hackage: half-0.3@sha256:48cc70e3cd42ccd13039b8d5865ca3aeffe526572aff7e2baf9cf9c28bc31eeb,1316
    pantry-tree:
      size: 528
      sha256: 4afa0f46ce45f87a9057f07daebb7c307b1fe198103234536b88f716a201e5e8
  original:
    hackage: half-0.3@sha256:48cc70e3cd42ccd13039b8d5865ca3aeffe526572aff7e2baf9cf9c28bc31eeb
snapshots:
- completed:
    size: 284284
    url: https://raw.githubusercontent.com/commercialhaskell/stackage-snapshots/master/lts/3/1.yaml
    sha256: 809a32ec6fc980a87dbece1aa2e064174bf5211b06831e1727c571e872db1df4
  original: lts-3.1
